
Microsoft Visual Studio Solution File, Format Version 12.00
# Visual Studio 14
VisualStudioVersion = 14.0.25420.1
MinimumVisualStudioVersion = 10.0.40219.1
Project("{2150E333-8FDC-42A3-9474-1A3956D46DE8}") = "Apps", "Apps", "{DF03C6A3-1715-4416-808F-2848067770F1}"
EndProject
Project("{FAE04EC0-301F-11D3-BF4B-00C04F79EFBC}") = "DesktopApp", "Apps\DesktopApp\DesktopApp.csproj", "{587F7549-D7E1-44F8-B3FA-3218D17C5F4C}"
EndProject
Project("{FAE04EC0-301F-11D3-BF4B-00C04F79EFBC}") = "Orbital7.MyGames", "Orbital7.MyGames\Orbital7.MyGames.csproj", "{BF0E178B-7876-42CD-84E9-7476EE10C4CB}"
EndProject
Project("{2150E333-8FDC-42A3-9474-1A3956D46DE8}") = "Lib", "Lib", "{21399A15-D5AF-419D-B936-3921859ACFC0}"
EndProject
Project("{2150E333-8FDC-42A3-9474-1A3956D46DE8}") = "net45", "net45", "{B06B083B-6A79-423A-A583-D9E63AC61D33}"
	ProjectSection(SolutionItems) = preProject
		Lib\net45\ImageSharp.dll = Lib\net45\ImageSharp.dll
		Lib\net45\System.Buffers.dll = Lib\net45\System.Buffers.dll
		Lib\net45\System.Numerics.Vectors.dll = Lib\net45\System.Numerics.Vectors.dll
		Lib\net45\System.Runtime.CompilerServices.Unsafe.dll = Lib\net45\System.Runtime.CompilerServices.Unsafe.dll
	EndProjectSection
EndProject
Project("{2150E333-8FDC-42A3-9474-1A3956D46DE8}") = "netstandard1.1", "netstandard1.1", "{7070AFB0-AF8B-43DA-8520-BD1E06096C49}"
	ProjectSection(SolutionItems) = preProject
		Lib\netstandard1.1\ImageSharp.dll = Lib\netstandard1.1\ImageSharp.dll
	EndProjectSection
EndProject
Project("{FAE04EC0-301F-11D3-BF4B-00C04F79EFBC}") = "Orbital7.MyGames.Local", "Orbital7.MyGames.Local\Orbital7.MyGames.Local.csproj", "{10C25D8E-D3F6-476F-92B5-B67B01E7A520}"
EndProject
Project("{FAE04EC0-301F-11D3-BF4B-00C04F79EFBC}") = "Orbital7.MyGames.Cloud", "Orbital7.MyGames.Cloud\Orbital7.MyGames.Cloud.csproj", "{F363C9FE-421E-427A-8D74-2B7D8D7550BE}"
EndProject
Project("{FAE04EC0-301F-11D3-BF4B-00C04F79EFBC}") = "Orbital7.MyGames.Devices", "Orbital7.MyGames.Devices\Orbital7.MyGames.Devices.csproj", "{517E2CF4-E7AA-4F4C-B838-2E058C0888C5}"
EndProject
Project("{FAE04EC0-301F-11D3-BF4B-00C04F79EFBC}") = "Orbital7.MyGames.Scraping", "Orbital7.MyGames.Scraping\Orbital7.MyGames.Scraping.csproj", "{2C2DBF16-4284-48EB-B9E8-5D221A95FFBB}"
EndProject
Global
	GlobalSection(SolutionConfigurationPlatforms) = preSolution
		Debug|Any CPU = Debug|Any CPU
		Release|Any CPU = Release|Any CPU
	EndGlobalSection
	GlobalSection(ProjectConfigurationPlatforms) = postSolution
		{587F7549-D7E1-44F8-B3FA-3218D17C5F4C}.Debug|Any CPU.ActiveCfg = Debug|Any CPU
		{587F7549-D7E1-44F8-B3FA-3218D17C5F4C}.Debug|Any CPU.Build.0 = Debug|Any CPU
		{587F7549-D7E1-44F8-B3FA-3218D17C5F4C}.Release|Any CPU.ActiveCfg = Release|Any CPU
		{587F7549-D7E1-44F8-B3FA-3218D17C5F4C}.Release|Any CPU.Build.0 = Release|Any CPU
		{BF0E178B-7876-42CD-84E9-7476EE10C4CB}.Debug|Any CPU.ActiveCfg = Debug|Any CPU
		{BF0E178B-7876-42CD-84E9-7476EE10C4CB}.Debug|Any CPU.Build.0 = Debug|Any CPU
		{BF0E178B-7876-42CD-84E9-7476EE10C4CB}.Release|Any CPU.ActiveCfg = Release|Any CPU
		{BF0E178B-7876-42CD-84E9-7476EE10C4CB}.Release|Any CPU.Build.0 = Release|Any CPU
		{10C25D8E-D3F6-476F-92B5-B67B01E7A520}.Debug|Any CPU.ActiveCfg = Debug|Any CPU
		{10C25D8E-D3F6-476F-92B5-B67B01E7A520}.Debug|Any CPU.Build.0 = Debug|Any CPU
		{10C25D8E-D3F6-476F-92B5-B67B01E7A520}.Release|Any CPU.ActiveCfg = Release|Any CPU
		{10C25D8E-D3F6-476F-92B5-B67B01E7A520}.Release|Any CPU.Build.0 = Release|Any CPU
		{F363C9FE-421E-427A-8D74-2B7D8D7550BE}.Debug|Any CPU.ActiveCfg = Debug|Any CPU
		{F363C9FE-421E-427A-8D74-2B7D8D7550BE}.Debug|Any CPU.Build.0 = Debug|Any CPU
		{F363C9FE-421E-427A-8D74-2B7D8D7550BE}.Release|Any CPU.ActiveCfg = Release|Any CPU
		{F363C9FE-421E-427A-8D74-2B7D8D7550BE}.Release|Any CPU.Build.0 = Release|Any CPU
		{517E2CF4-E7AA-4F4C-B838-2E058C0888C5}.Debug|Any CPU.ActiveCfg = Debug|Any CPU
		{517E2CF4-E7AA-4F4C-B838-2E058C0888C5}.Debug|Any CPU.Build.0 = Debug|Any CPU
		{517E2CF4-E7AA-4F4C-B838-2E058C0888C5}.Release|Any CPU.ActiveCfg = Release|Any CPU
		{517E2CF4-E7AA-4F4C-B838-2E058C0888C5}.Release|Any CPU.Build.0 = Release|Any CPU
		{2C2DBF16-4284-48EB-B9E8-5D221A95FFBB}.Debug|Any CPU.ActiveCfg = Debug|Any CPU
		{2C2DBF16-4284-48EB-B9E8-5D221A95FFBB}.Debug|Any CPU.Build.0 = Debug|Any CPU
		{2C2DBF16-4284-48EB-B9E8-5D221A95FFBB}.Release|Any CPU.ActiveCfg = Release|Any CPU
		{2C2DBF16-4284-48EB-B9E8-5D221A95FFBB}.Release|Any CPU.Build.0 = Release|Any CPU
	EndGlobalSection
	GlobalSection(SolutionProperties) = preSolution
		HideSolutionNode = FALSE
	EndGlobalSection
	GlobalSection(NestedProjects) = preSolution
		{587F7549-D7E1-44F8-B3FA-3218D17C5F4C} = {DF03C6A3-1715-4416-808F-2848067770F1}
		{B06B083B-6A79-423A-A583-D9E63AC61D33} = {21399A15-D5AF-419D-B936-3921859ACFC0}
		{7070AFB0-AF8B-43DA-8520-BD1E06096C49} = {21399A15-D5AF-419D-B936-3921859ACFC0}
	EndGlobalSection
EndGlobal
