
Microsoft Visual Studio Solution File, Format Version 12.00
# Visual Studio 14
VisualStudioVersion = 14.0.25420.1
MinimumVisualStudioVersion = 10.0.40219.1
Project("{2150E333-8FDC-42A3-9474-1A3956D46DE8}") = "Apps", "Apps", "{DF03C6A3-1715-4416-808F-2848067770F1}"
EndProject
Project("{FAE04EC0-301F-11D3-BF4B-00C04F79EFBC}") = "DesktopApp", "Apps\DesktopApp\DesktopApp.csproj", "{587F7549-D7E1-44F8-B3FA-3218D17C5F4C}"
EndProject
Project("{2150E333-8FDC-42A3-9474-1A3956D46DE8}") = "Lib", "Lib", "{21399A15-D5AF-419D-B936-3921859ACFC0}"
EndProject
Project("{2150E333-8FDC-42A3-9474-1A3956D46DE8}") = "net45", "net45", "{B06B083B-6A79-423A-A583-D9E63AC61D33}"
	ProjectSection(SolutionItems) = preProject
		Lib\net45\ImageSharp.dll = Lib\net45\ImageSharp.dll
		Lib\net45\System.Buffers.dll = Lib\net45\System.Buffers.dll
		Lib\net45\System.Numerics.Vectors.dll = Lib\net45\System.Numerics.Vectors.dll
		Lib\net45\System.Runtime.CompilerServices.Unsafe.dll = Lib\net45\System.Runtime.CompilerServices.Unsafe.dll
	EndProjectSection
EndProject
Project("{2150E333-8FDC-42A3-9474-1A3956D46DE8}") = "netstandard1.1", "netstandard1.1", "{7070AFB0-AF8B-43DA-8520-BD1E06096C49}"
	ProjectSection(SolutionItems) = preProject
		Lib\netstandard1.1\ImageSharp.dll = Lib\netstandard1.1\ImageSharp.dll
	EndProjectSection
EndProject
Project("{FAE04EC0-301F-11D3-BF4B-00C04F79EFBC}") = "Orbital7.MyGames", "Orbital7.MyGames\Orbital7.MyGames.csproj", "{DEA734B6-6565-4DDB-9BBA-D2C0F06478BC}"
EndProject
Project("{FAE04EC0-301F-11D3-BF4B-00C04F79EFBC}") = "Orbital7.MyGames.Cloud", "Orbital7.MyGames.Cloud\Orbital7.MyGames.Cloud.csproj", "{A3F34014-17AA-430C-8758-D081168431F3}"
EndProject
Project("{FAE04EC0-301F-11D3-BF4B-00C04F79EFBC}") = "Orbital7.MyGames.Devices", "Orbital7.MyGames.Devices\Orbital7.MyGames.Devices.csproj", "{1B46ED7C-667D-4BDA-ACB1-96EA9ACC1DBE}"
EndProject
Project("{FAE04EC0-301F-11D3-BF4B-00C04F79EFBC}") = "Orbital7.MyGames.Local", "Orbital7.MyGames.Local\Orbital7.MyGames.Local.csproj", "{A2683704-1961-4E78-982A-CE291D0386A2}"
EndProject
Project("{FAE04EC0-301F-11D3-BF4B-00C04F79EFBC}") = "Orbital7.MyGames.Scraping", "Orbital7.MyGames.Scraping\Orbital7.MyGames.Scraping.csproj", "{AF33F402-6753-4823-8C84-11118D736AB4}"
EndProject
Global
	GlobalSection(SolutionConfigurationPlatforms) = preSolution
		Debug|Any CPU = Debug|Any CPU
		Release|Any CPU = Release|Any CPU
	EndGlobalSection
	GlobalSection(ProjectConfigurationPlatforms) = postSolution
		{587F7549-D7E1-44F8-B3FA-3218D17C5F4C}.Debug|Any CPU.ActiveCfg = Debug|Any CPU
		{587F7549-D7E1-44F8-B3FA-3218D17C5F4C}.Debug|Any CPU.Build.0 = Debug|Any CPU
		{587F7549-D7E1-44F8-B3FA-3218D17C5F4C}.Release|Any CPU.ActiveCfg = Release|Any CPU
		{587F7549-D7E1-44F8-B3FA-3218D17C5F4C}.Release|Any CPU.Build.0 = Release|Any CPU
		{DEA734B6-6565-4DDB-9BBA-D2C0F06478BC}.Debug|Any CPU.ActiveCfg = Debug|Any CPU
		{DEA734B6-6565-4DDB-9BBA-D2C0F06478BC}.Debug|Any CPU.Build.0 = Debug|Any CPU
		{DEA734B6-6565-4DDB-9BBA-D2C0F06478BC}.Release|Any CPU.ActiveCfg = Release|Any CPU
		{DEA734B6-6565-4DDB-9BBA-D2C0F06478BC}.Release|Any CPU.Build.0 = Release|Any CPU
		{A3F34014-17AA-430C-8758-D081168431F3}.Debug|Any CPU.ActiveCfg = Debug|Any CPU
		{A3F34014-17AA-430C-8758-D081168431F3}.Debug|Any CPU.Build.0 = Debug|Any CPU
		{A3F34014-17AA-430C-8758-D081168431F3}.Release|Any CPU.ActiveCfg = Release|Any CPU
		{A3F34014-17AA-430C-8758-D081168431F3}.Release|Any CPU.Build.0 = Release|Any CPU
		{1B46ED7C-667D-4BDA-ACB1-96EA9ACC1DBE}.Debug|Any CPU.ActiveCfg = Debug|Any CPU
		{1B46ED7C-667D-4BDA-ACB1-96EA9ACC1DBE}.Debug|Any CPU.Build.0 = Debug|Any CPU
		{1B46ED7C-667D-4BDA-ACB1-96EA9ACC1DBE}.Release|Any CPU.ActiveCfg = Release|Any CPU
		{1B46ED7C-667D-4BDA-ACB1-96EA9ACC1DBE}.Release|Any CPU.Build.0 = Release|Any CPU
		{A2683704-1961-4E78-982A-CE291D0386A2}.Debug|Any CPU.ActiveCfg = Debug|Any CPU
		{A2683704-1961-4E78-982A-CE291D0386A2}.Debug|Any CPU.Build.0 = Debug|Any CPU
		{A2683704-1961-4E78-982A-CE291D0386A2}.Release|Any CPU.ActiveCfg = Release|Any CPU
		{A2683704-1961-4E78-982A-CE291D0386A2}.Release|Any CPU.Build.0 = Release|Any CPU
		{AF33F402-6753-4823-8C84-11118D736AB4}.Debug|Any CPU.ActiveCfg = Debug|Any CPU
		{AF33F402-6753-4823-8C84-11118D736AB4}.Debug|Any CPU.Build.0 = Debug|Any CPU
		{AF33F402-6753-4823-8C84-11118D736AB4}.Release|Any CPU.ActiveCfg = Release|Any CPU
		{AF33F402-6753-4823-8C84-11118D736AB4}.Release|Any CPU.Build.0 = Release|Any CPU
	EndGlobalSection
	GlobalSection(SolutionProperties) = preSolution
		HideSolutionNode = FALSE
	EndGlobalSection
	GlobalSection(NestedProjects) = preSolution
		{587F7549-D7E1-44F8-B3FA-3218D17C5F4C} = {DF03C6A3-1715-4416-808F-2848067770F1}
		{B06B083B-6A79-423A-A583-D9E63AC61D33} = {21399A15-D5AF-419D-B936-3921859ACFC0}
		{7070AFB0-AF8B-43DA-8520-BD1E06096C49} = {21399A15-D5AF-419D-B936-3921859ACFC0}
	EndGlobalSection
EndGlobal
